{
  "requires": true,
  "lockfileVersion": 1,
  "dependencies": {
    "get-youtube-id": {
      "version": "1.0.1",
      "resolved": "https://registry.npmmirror.com/get-youtube-id/-/get-youtube-id-1.0.1.tgz",
      "integrity": "sha512-5yidLzoLXbtw82a/Wb7LrajkGn29BM6JuLWeHyNfzOGp1weGyW4+7eMz6cP23+etqj27VlOFtq8fFFDMLq/FXQ=="
    },
    "gitbook-plugin-youtube": {
      "version": "2.0.0",
      "resolved": "https://registry.npmmirror.com/gitbook-plugin-youtube/-/gitbook-plugin-youtube-2.0.0.tgz",
      "integrity": "sha512-FdB3IbiAB69hwQWQx0guexAIe46gkZ9MFnmGRozIk37czpLL9pvZa3twLWN+O/hwJMFQ/sck5gKINCvkVNualA==",
      "requires": {
        "get-youtube-id": "^1.0.0"
      }
    }
  }
}
